
Microsoft Visual Studio Solution File, Format Version 12.00
# Visual Studio 15
VisualStudioVersion = 15.0.25807.0
MinimumVisualStudioVersion = 10.0.40219.1
Project("{2150E333-8FDC-42A3-9474-1A3956D46DE8}") = "Engine", "Engine", "{0CCBF36E-4B4E-44B1-9ECF-CF9DA0A34D52}"
EndProject
Project("{2150E333-8FDC-42A3-9474-1A3956D46DE8}") = "Games", "Games", "{5D46835C-902F-4AA7-B900-2D11D55B0444}"
EndProject
Project("{8BC9CEB8-8B4A-11D0-8D11-00A0C91BC942}") = "UE4", "Intermediate\ProjectFiles\UE4.vcxproj", "{45A75723-8C64-42F2-9824-4B3679D2BC0F}"
EndProject
Project("{8BC9CEB8-8B4A-11D0-8D11-00A0C91BC942}") = "SoftDesignTraining", "Intermediate\ProjectFiles\SoftDesignTraining.vcxproj", "{C976EA74-1D91-4908-9D3C-161F5F28C8DF}"
EndProject
Global
	GlobalSection(SolutionConfigurationPlatforms) = preSolution
		DebugGame Editor|HTML5 = DebugGame Editor|HTML5
		DebugGame Editor|Win32 = DebugGame Editor|Win32
		DebugGame Editor|Win64 = DebugGame Editor|Win64
		DebugGame|HTML5 = DebugGame|HTML5
		DebugGame|Win32 = DebugGame|Win32
		DebugGame|Win64 = DebugGame|Win64
		Development Editor|HTML5 = Development Editor|HTML5
		Development Editor|Win32 = Development Editor|Win32
		Development Editor|Win64 = Development Editor|Win64
		Development|HTML5 = Development|HTML5
		Development|Win32 = Development|Win32
		Development|Win64 = Development|Win64
		Shipping|HTML5 = Shipping|HTML5
		Shipping|Win32 = Shipping|Win32
		Shipping|Win64 = Shipping|Win64
	EndGlobalSection
	GlobalSection(ProjectConfigurationPlatforms) = postSolution
		{45A75723-8C64-42F2-9824-4B3679D2BC0F}.DebugGame Editor|HTML5.ActiveCfg = BuiltWithUnrealBuildTool|Win32
		{45A75723-8C64-42F2-9824-4B3679D2BC0F}.DebugGame Editor|HTML5.Build.0 = BuiltWithUnrealBuildTool|Win32
		{45A75723-8C64-42F2-9824-4B3679D2BC0F}.DebugGame Editor|Win32.ActiveCfg = BuiltWithUnrealBuildTool|Win32
		{45A75723-8C64-42F2-9824-4B3679D2BC0F}.DebugGame Editor|Win32.Build.0 = BuiltWithUnrealBuildTool|Win32
		{45A75723-8C64-42F2-9824-4B3679D2BC0F}.DebugGame Editor|Win64.ActiveCfg = BuiltWithUnrealBuildTool|Win32
		{45A75723-8C64-42F2-9824-4B3679D2BC0F}.DebugGame Editor|Win64.Build.0 = BuiltWithUnrealBuildTool|Win32
		{45A75723-8C64-42F2-9824-4B3679D2BC0F}.DebugGame|HTML5.ActiveCfg = BuiltWithUnrealBuildTool|Win32
		{45A75723-8C64-42F2-9824-4B3679D2BC0F}.DebugGame|HTML5.Build.0 = BuiltWithUnrealBuildTool|Win32
		{45A75723-8C64-42F2-9824-4B3679D2BC0F}.DebugGame|Win32.ActiveCfg = BuiltWithUnrealBuildTool|Win32
		{45A75723-8C64-42F2-9824-4B3679D2BC0F}.DebugGame|Win32.Build.0 = BuiltWithUnrealBuildTool|Win32
		{45A75723-8C64-42F2-9824-4B3679D2BC0F}.DebugGame|Win64.ActiveCfg = BuiltWithUnrealBuildTool|Win32
		{45A75723-8C64-42F2-9824-4B3679D2BC0F}.DebugGame|Win64.Build.0 = BuiltWithUnrealBuildTool|Win32
		{45A75723-8C64-42F2-9824-4B3679D2BC0F}.Development Editor|HTML5.ActiveCfg = BuiltWithUnrealBuildTool|Win32
		{45A75723-8C64-42F2-9824-4B3679D2BC0F}.Development Editor|HTML5.Build.0 = BuiltWithUnrealBuildTool|Win32
		{45A75723-8C64-42F2-9824-4B3679D2BC0F}.Development Editor|Win32.ActiveCfg = BuiltWithUnrealBuildTool|Win32
		{45A75723-8C64-42F2-9824-4B3679D2BC0F}.Development Editor|Win32.Build.0 = BuiltWithUnrealBuildTool|Win32
		{45A75723-8C64-42F2-9824-4B3679D2BC0F}.Development Editor|Win64.ActiveCfg = BuiltWithUnrealBuildTool|Win32
		{45A75723-8C64-42F2-9824-4B3679D2BC0F}.Development Editor|Win64.Build.0 = BuiltWithUnrealBuildTool|Win32
		{45A75723-8C64-42F2-9824-4B3679D2BC0F}.Development|HTML5.ActiveCfg = BuiltWithUnrealBuildTool|Win32
		{45A75723-8C64-42F2-9824-4B3679D2BC0F}.Development|HTML5.Build.0 = BuiltWithUnrealBuildTool|Win32
		{45A75723-8C64-42F2-9824-4B3679D2BC0F}.Development|Win32.ActiveCfg = BuiltWithUnrealBuildTool|Win32
		{45A75723-8C64-42F2-9824-4B3679D2BC0F}.Development|Win32.Build.0 = BuiltWithUnrealBuildTool|Win32
		{45A75723-8C64-42F2-9824-4B3679D2BC0F}.Development|Win64.ActiveCfg = BuiltWithUnrealBuildTool|Win32
		{45A75723-8C64-42F2-9824-4B3679D2BC0F}.Development|Win64.Build.0 = BuiltWithUnrealBuildTool|Win32
		{45A75723-8C64-42F2-9824-4B3679D2BC0F}.Shipping|HTML5.ActiveCfg = BuiltWithUnrealBuildTool|Win32
		{45A75723-8C64-42F2-9824-4B3679D2BC0F}.Shipping|HTML5.Build.0 = BuiltWithUnrealBuildTool|Win32
		{45A75723-8C64-42F2-9824-4B3679D2BC0F}.Shipping|Win32.ActiveCfg = BuiltWithUnrealBuildTool|Win32
		{45A75723-8C64-42F2-9824-4B3679D2BC0F}.Shipping|Win32.Build.0 = BuiltWithUnrealBuildTool|Win32
		{45A75723-8C64-42F2-9824-4B3679D2BC0F}.Shipping|Win64.ActiveCfg = BuiltWithUnrealBuildTool|Win32
		{45A75723-8C64-42F2-9824-4B3679D2BC0F}.Shipping|Win64.Build.0 = BuiltWithUnrealBuildTool|Win32
		{C976EA74-1D91-4908-9D3C-161F5F28C8DF}.DebugGame Editor|HTML5.ActiveCfg = HTML5_DebugGame_Editor|Win32
		{C976EA74-1D91-4908-9D3C-161F5F28C8DF}.DebugGame Editor|Win32.ActiveCfg = DebugGame_Editor|Win32
		{C976EA74-1D91-4908-9D3C-161F5F28C8DF}.DebugGame Editor|Win64.ActiveCfg = DebugGame_Editor|x64
		{C976EA74-1D91-4908-9D3C-161F5F28C8DF}.DebugGame Editor|Win64.Build.0 = DebugGame_Editor|x64
		{C976EA74-1D91-4908-9D3C-161F5F28C8DF}.DebugGame|HTML5.ActiveCfg = HTML5_DebugGame_Game|Win32
		{C976EA74-1D91-4908-9D3C-161F5F28C8DF}.DebugGame|HTML5.Build.0 = HTML5_DebugGame_Game|Win32
		{C976EA74-1D91-4908-9D3C-161F5F28C8DF}.DebugGame|Win32.ActiveCfg = DebugGame_Game|Win32
		{C976EA74-1D91-4908-9D3C-161F5F28C8DF}.DebugGame|Win32.Build.0 = DebugGame_Game|Win32
		{C976EA74-1D91-4908-9D3C-161F5F28C8DF}.DebugGame|Win64.ActiveCfg = DebugGame_Game|x64
		{C976EA74-1D91-4908-9D3C-161F5F28C8DF}.DebugGame|Win64.Build.0 = DebugGame_Game|x64
		{C976EA74-1D91-4908-9D3C-161F5F28C8DF}.Development Editor|HTML5.ActiveCfg = HTML5_Development_Editor|Win32
		{C976EA74-1D91-4908-9D3C-161F5F28C8DF}.Development Editor|Win32.ActiveCfg = Development_Editor|Win32
		{C976EA74-1D91-4908-9D3C-161F5F28C8DF}.Development Editor|Win64.ActiveCfg = Development_Editor|x64
		{C976EA74-1D91-4908-9D3C-161F5F28C8DF}.Development Editor|Win64.Build.0 = Development_Editor|x64
		{C976EA74-1D91-4908-9D3C-161F5F28C8DF}.Development|HTML5.ActiveCfg = HTML5_Development_Game|Win32
		{C976EA74-1D91-4908-9D3C-161F5F28C8DF}.Development|HTML5.Build.0 = HTML5_Development_Game|Win32
		{C976EA74-1D91-4908-9D3C-161F5F28C8DF}.Development|Win32.ActiveCfg = Development_Game|Win32
		{C976EA74-1D91-4908-9D3C-161F5F28C8DF}.Development|Win32.Build.0 = Development_Game|Win32
		{C976EA74-1D91-4908-9D3C-161F5F28C8DF}.Development|Win64.ActiveCfg = Development_Game|x64
		{C976EA74-1D91-4908-9D3C-161F5F28C8DF}.Development|Win64.Build.0 = Development_Game|x64
		{C976EA74-1D91-4908-9D3C-161F5F28C8DF}.Shipping|HTML5.ActiveCfg = HTML5_Shipping_Game|Win32
		{C976EA74-1D91-4908-9D3C-161F5F28C8DF}.Shipping|HTML5.Build.0 = HTML5_Shipping_Game|Win32
		{C976EA74-1D91-4908-9D3C-161F5F28C8DF}.Shipping|Win32.ActiveCfg = Shipping_Game|Win32
		{C976EA74-1D91-4908-9D3C-161F5F28C8DF}.Shipping|Win32.Build.0 = Shipping_Game|Win32
		{C976EA74-1D91-4908-9D3C-161F5F28C8DF}.Shipping|Win64.ActiveCfg = Shipping_Game|x64
		{C976EA74-1D91-4908-9D3C-161F5F28C8DF}.Shipping|Win64.Build.0 = Shipping_Game|x64
	EndGlobalSection
	GlobalSection(SolutionProperties) = preSolution
		HideSolutionNode = FALSE
	EndGlobalSection
	GlobalSection(NestedProjects) = preSolution
		{45A75723-8C64-42F2-9824-4B3679D2BC0F} = {0CCBF36E-4B4E-44B1-9ECF-CF9DA0A34D52}
		{C976EA74-1D91-4908-9D3C-161F5F28C8DF} = {5D46835C-902F-4AA7-B900-2D11D55B0444}
	EndGlobalSection
	GlobalSection(ExtensibilityGlobals) = postSolution
		SolutionGuid = {F21F2EAA-EB2B-40FC-BF41-FCDCF4AC5E3C}
	EndGlobalSection
EndGlobal
